
Microsoft Visual Studio Solution File, Format Version 12.00
# Visual Studio Version 17
VisualStudioVersion = 17.11.35312.102
MinimumVisualStudioVersion = 10.0.40219.1
Project("{9A19103F-16F7-4668-BE54-9A1E7A4F7556}") = "RestaurantServer", "RestaurantServer\RestaurantServer.csproj", "{ABBCFAF2-40F0-485B-8B04-F33B96305EAC}"
EndProject
Project("{9A19103F-16F7-4668-BE54-9A1E7A4F7556}") = "DataAccessLayer", "DataAccessLayer\DataAccessLayer.csproj", "{7DA835D9-1C7B-423D-93D9-58E5E8812277}"
EndProject
Project("{9A19103F-16F7-4668-BE54-9A1E7A4F7556}") = "EntityLayer", "EntityLayer\EntityLayer.csproj", "{58B3F3D0-AA15-4C1A-A2D2-006F899C51D0}"
EndProject
Project("{9A19103F-16F7-4668-BE54-9A1E7A4F7556}") = "BusinessLayer", "BusinessLayer\BusinessLayer.csproj", "{9226B706-897B-4712-AC86-26E5D4A965B0}"
EndProject
Project("{9A19103F-16F7-4668-BE54-9A1E7A4F7556}") = "BusinessLayer.Tests", "BusinessLayer.Tests\BusinessLayer.Tests.csproj", "{244300CD-F1B0-49DB-8BA2-C9E4FC1166D7}"
EndProject
Project("{FAE04EC0-301F-11D3-BF4B-00C04F79EFBC}") = "DataAccessLayer.Tests", "DataAccessLayer.Tests\DataAccessLayer.Tests.csproj", "{B6A09782-F894-49A4-90F3-E2C47B91B8C0}"
EndProject
Project("{FAE04EC0-301F-11D3-BF4B-00C04F79EFBC}") = "RestaurantServer.Tests", "RestaurantServer.Tests\RestaurantServer.Tests.csproj", "{F74FEAFF-947B-4DD2-91EA-C39E06ABC97C}"
EndProject
Global
	GlobalSection(SolutionConfigurationPlatforms) = preSolution
		Debug|Any CPU = Debug|Any CPU
		Release|Any CPU = Release|Any CPU
	EndGlobalSection
	GlobalSection(ProjectConfigurationPlatforms) = postSolution
		{ABBCFAF2-40F0-485B-8B04-F33B96305EAC}.Debug|Any CPU.ActiveCfg = Debug|Any CPU
		{ABBCFAF2-40F0-485B-8B04-F33B96305EAC}.Debug|Any CPU.Build.0 = Debug|Any CPU
		{ABBCFAF2-40F0-485B-8B04-F33B96305EAC}.Release|Any CPU.ActiveCfg = Release|Any CPU
		{ABBCFAF2-40F0-485B-8B04-F33B96305EAC}.Release|Any CPU.Build.0 = Release|Any CPU
		{7DA835D9-1C7B-423D-93D9-58E5E8812277}.Debug|Any CPU.ActiveCfg = Debug|Any CPU
		{7DA835D9-1C7B-423D-93D9-58E5E8812277}.Debug|Any CPU.Build.0 = Debug|Any CPU
		{7DA835D9-1C7B-423D-93D9-58E5E8812277}.Release|Any CPU.ActiveCfg = Release|Any CPU
		{7DA835D9-1C7B-423D-93D9-58E5E8812277}.Release|Any CPU.Build.0 = Release|Any CPU
		{58B3F3D0-AA15-4C1A-A2D2-006F899C51D0}.Debug|Any CPU.ActiveCfg = Debug|Any CPU
		{58B3F3D0-AA15-4C1A-A2D2-006F899C51D0}.Debug|Any CPU.Build.0 = Debug|Any CPU
		{58B3F3D0-AA15-4C1A-A2D2-006F899C51D0}.Release|Any CPU.ActiveCfg = Release|Any CPU
		{58B3F3D0-AA15-4C1A-A2D2-006F899C51D0}.Release|Any CPU.Build.0 = Release|Any CPU
		{9226B706-897B-4712-AC86-26E5D4A965B0}.Debug|Any CPU.ActiveCfg = Debug|Any CPU
		{9226B706-897B-4712-AC86-26E5D4A965B0}.Debug|Any CPU.Build.0 = Debug|Any CPU
		{9226B706-897B-4712-AC86-26E5D4A965B0}.Release|Any CPU.ActiveCfg = Release|Any CPU
		{9226B706-897B-4712-AC86-26E5D4A965B0}.Release|Any CPU.Build.0 = Release|Any CPU
		{244300CD-F1B0-49DB-8BA2-C9E4FC1166D7}.Debug|Any CPU.ActiveCfg = Debug|Any CPU
		{244300CD-F1B0-49DB-8BA2-C9E4FC1166D7}.Debug|Any CPU.Build.0 = Debug|Any CPU
		{244300CD-F1B0-49DB-8BA2-C9E4FC1166D7}.Release|Any CPU.ActiveCfg = Release|Any CPU
		{244300CD-F1B0-49DB-8BA2-C9E4FC1166D7}.Release|Any CPU.Build.0 = Release|Any CPU
		{B6A09782-F894-49A4-90F3-E2C47B91B8C0}.Debug|Any CPU.ActiveCfg = Debug|Any CPU
		{B6A09782-F894-49A4-90F3-E2C47B91B8C0}.Debug|Any CPU.Build.0 = Debug|Any CPU
		{B6A09782-F894-49A4-90F3-E2C47B91B8C0}.Release|Any CPU.ActiveCfg = Release|Any CPU
		{B6A09782-F894-49A4-90F3-E2C47B91B8C0}.Release|Any CPU.Build.0 = Release|Any CPU
		{F74FEAFF-947B-4DD2-91EA-C39E06ABC97C}.Debug|Any CPU.ActiveCfg = Debug|Any CPU
		{F74FEAFF-947B-4DD2-91EA-C39E06ABC97C}.Debug|Any CPU.Build.0 = Debug|Any CPU
		{F74FEAFF-947B-4DD2-91EA-C39E06ABC97C}.Release|Any CPU.ActiveCfg = Release|Any CPU
		{F74FEAFF-947B-4DD2-91EA-C39E06ABC97C}.Release|Any CPU.Build.0 = Release|Any CPU
	EndGlobalSection
	GlobalSection(SolutionProperties) = preSolution
		HideSolutionNode = FALSE
	EndGlobalSection
	GlobalSection(ExtensibilityGlobals) = postSolution
		SolutionGuid = {903F5A53-DF9D-4E8B-866B-01A287CFE103}
	EndGlobalSection
EndGlobal
